// !$*UTF8*$!
{
	archiveVersion = 1;
	classes = {
	};
	objectVersion = 77;
	objects = {

/* Begin PBXBuildFile section */
		925DE31F2DAAA1EF007D83B2 /* FirebaseAnalytics in Frameworks */ = {isa = PBXBuildFile; productRef = 925DE31E2DAAA1EF007D83B2 /* FirebaseAnalytics */; };
		92E1AB6A2DAAB94A00CA4D58 /* FirebaseFirestore in Frameworks */ = {isa = PBXBuildFile; productRef = 92E1AB692DAAB94A00CA4D58 /* FirebaseFirestore */; };
/* End PBXBuildFile section */

/* Begin PBXContainerItemProxy section */
		9248A9692DA6639100D3417F /* PBXContainerItemProxy */ = {
			isa = PBXContainerItemProxy;
			containerPortal = 9248A9502DA6638800D3417F /* Project object */;
			proxyType = 1;
			remoteGlobalIDString = 9248A9572DA6638800D3417F;
			remoteInfo = shortsleep;
		};
		9248A9732DA6639100D3417F /* PBXContainerItemProxy */ = {
			isa = PBXContainerItemProxy;
			containerPortal = 9248A9502DA6638800D3417F /* Project object */;
			proxyType = 1;
			remoteGlobalIDString = 9248A9572DA6638800D3417F;
			remoteInfo = shortsleep;
		};
/* End PBXContainerItemProxy section */

/* Begin PBXFileReference section */
		9248A9582DA6638800D3417F /* shortsleep.app */ = {isa = PBXFileReference; explicitFileType = wrapper.application; includeInIndex = 0; path = shortsleep.app; sourceTree = BUILT_PRODUCTS_DIR; };
		9248A9682DA6639100D3417F /* shortsleepTests.xctest */ = {isa = PBXFileReference; explicitFileType = wrapper.cfbundle; includeInIndex = 0; path = shortsleepTests.xctest; sourceTree = BUILT_PRODUCTS_DIR; };
		9248A9722DA6639100D3417F /* shortsleepUITests.xctest */ = {isa = PBXFileReference; explicitFileType = wrapper.cfbundle; includeInIndex = 0; path = shortsleepUITests.xctest; sourceTree = BUILT_PRODUCTS_DIR; };
/* End PBXFileReference section */

/* Begin PBXFileSystemSynchronizedRootGroup section */
		9248A95A2DA6638800D3417F /* shortsleep */ = {
			isa = PBXFileSystemSynchronizedRootGroup;
			path = shortsleep;
			sourceTree = "<group>";
		};
		9248A96B2DA6639100D3417F /* shortsleepTests */ = {
			isa = PBXFileSystemSynchronizedRootGroup;
			path = shortsleepTests;
			sourceTree = "<group>";
		};
		9248A9752DA6639100D3417F /* shortsleepUITests */ = {
			isa = PBXFileSystemSynchronizedRootGroup;
			path = shortsleepUITests;
			sourceTree = "<group>";
		};
/* End PBXFileSystemSynchronizedRootGroup section */

/* Begin PBXFrameworksBuildPhase section */
		9248A9552DA6638800D3417F /* Frameworks */ = {
			isa = PBXFrameworksBuildPhase;
			buildActionMask = 2147483647;
			files = (
				925DE31F2DAAA1EF007D83B2 /* FirebaseAnalytics in Frameworks */,
				92E1AB6A2DAAB94A00CA4D58 /* FirebaseFirestore in Frameworks */,
			);
			runOnlyForDeploymentPostprocessing = 0;
		};
		9248A9652DA6639100D3417F /* Frameworks */ = {
			isa = PBXFrameworksBuildPhase;
			buildActionMask = 2147483647;
			files = (
			);
			runOnlyForDeploymentPostprocessing = 0;
		};
		9248A96F2DA6639100D3417F /* Frameworks */ = {
			isa = PBXFrameworksBuildPhase;
			buildActionMask = 2147483647;
			files = (
			);
			runOnlyForDeploymentPostprocessing = 0;
		};
/* End PBXFrameworksBuildPhase section */

/* Begin PBXGroup section */
		9248A94F2DA6638800D3417F = {
			isa = PBXGroup;
			children = (
				9248A95A2DA6638800D3417F /* shortsleep */,
				9248A96B2DA6639100D3417F /* shortsleepTests */,
				9248A9752DA6639100D3417F /* shortsleepUITests */,
				92E1AB682DAAB94A00CA4D58 /* Frameworks */,
				9248A9592DA6638800D3417F /* Products */,
			);
			sourceTree = "<group>";
		};
		9248A9592DA6638800D3417F /* Products */ = {
			isa = PBXGroup;
			children = (
				9248A9582DA6638800D3417F /* shortsleep.app */,
				9248A9682DA6639100D3417F /* shortsleepTests.xctest */,
				9248A9722DA6639100D3417F /* shortsleepUITests.xctest */,
			);
			name = Products;
			sourceTree = "<group>";
		};
		92E1AB682DAAB94A00CA4D58 /* Frameworks */ = {
			isa = PBXGroup;
			children = (
			);
			name = Frameworks;
			sourceTree = "<group>";
		};
/* End PBXGroup section */

/* Begin PBXNativeTarget section */
		9248A9572DA6638800D3417F /* shortsleep */ = {
			isa = PBXNativeTarget;
			buildConfigurationList = 9248A97C2DA6639100D3417F /* Build configuration list for PBXNativeTarget "shortsleep" */;
			buildPhases = (
				9248A9542DA6638800D3417F /* Sources */,
				9248A9552DA6638800D3417F /* Frameworks */,
				9248A9562DA6638800D3417F /* Resources */,
			);
			buildRules = (
			);
			dependencies = (
			);
			fileSystemSynchronizedGroups = (
				9248A95A2DA6638800D3417F /* shortsleep */,
			);
			name = shortsleep;
			packageProductDependencies = (
				925DE31E2DAAA1EF007D83B2 /* FirebaseAnalytics */,
				92E1AB692DAAB94A00CA4D58 /* FirebaseFirestore */,
			);
			productName = shortsleep;
			productReference = 9248A9582DA6638800D3417F /* shortsleep.app */;
			productType = "com.apple.product-type.application";
		};
		9248A9672DA6639100D3417F /* shortsleepTests */ = {
			isa = PBXNativeTarget;
			buildConfigurationList = 9248A97F2DA6639100D3417F /* Build configuration list for PBXNativeTarget "shortsleepTests" */;
			buildPhases = (
				9248A9642DA6639100D3417F /* Sources */,
				9248A9652DA6639100D3417F /* Frameworks */,
				9248A9662DA6639100D3417F /* Resources */,
			);
			buildRules = (
			);
			dependencies = (
				9248A96A2DA6639100D3417F /* PBXTargetDependency */,
			);
			fileSystemSynchronizedGroups = (
				9248A96B2DA6639100D3417F /* shortsleepTests */,
			);
			name = shortsleepTests;
			packageProductDependencies = (
			);
			productName = shortsleepTests;
			productReference = 9248A9682DA6639100D3417F /* shortsleepTests.xctest */;
			productType = "com.apple.product-type.bundle.unit-test";
		};
		9248A9712DA6639100D3417F /* shortsleepUITests */ = {
			isa = PBXNativeTarget;
			buildConfigurationList = 9248A9822DA6639100D3417F /* Build configuration list for PBXNativeTarget "shortsleepUITests" */;
			buildPhases = (
				9248A96E2DA6639100D3417F /* Sources */,
				9248A96F2DA6639100D3417F /* Frameworks */,
				9248A9702DA6639100D3417F /* Resources */,
			);
			buildRules = (
			);
			dependencies = (
				9248A9742DA6639100D3417F /* PBXTargetDependency */,
			);
			fileSystemSynchronizedGroups = (
				9248A9752DA6639100D3417F /* shortsleepUITests */,
			);
			name = shortsleepUITests;
			packageProductDependencies = (
			);
			productName = shortsleepUITests;
			productReference = 9248A9722DA6639100D3417F /* shortsleepUITests.xctest */;
			productType = "com.apple.product-type.bundle.ui-testing";
		};
/* End PBXNativeTarget section */

/* Begin PBXProject section */
		9248A9502DA6638800D3417F /* Project object */ = {
			isa = PBXProject;
			attributes = {
				BuildIndependentTargetsInParallel = 1;
				LastSwiftUpdateCheck = 1620;
				LastUpgradeCheck = 1620;
				TargetAttributes = {
					9248A9572DA6638800D3417F = {
						CreatedOnToolsVersion = 16.2;
					};
					9248A9672DA6639100D3417F = {
						CreatedOnToolsVersion = 16.2;
						TestTargetID = 9248A9572DA6638800D3417F;
					};
					9248A9712DA6639100D3417F = {
						CreatedOnToolsVersion = 16.2;
						TestTargetID = 9248A9572DA6638800D3417F;
					};
				};
			};
			buildConfigurationList = 9248A9532DA6638800D3417F /* Build configuration list for PBXProject "shortsleep" */;
			developmentRegion = en;
			hasScannedForEncodings = 0;
			knownRegions = (
				en,
				Base,
			);
			mainGroup = 9248A94F2DA6638800D3417F;
			minimizedProjectReferenceProxies = 1;
			packageReferences = (
				925DE31D2DAAA1EF007D83B2 /* XCRemoteSwiftPackageReference "firebase-ios-sdk" */,
			);
			preferredProjectObjectVersion = 77;
			productRefGroup = 9248A9592DA6638800D3417F /* Products */;
			projectDirPath = "";
			projectRoot = "";
			targets = (
				9248A9572DA6638800D3417F /* shortsleep */,
				9248A9672DA6639100D3417F /* shortsleepTests */,
				9248A9712DA6639100D3417F /* shortsleepUITests */,
			);
		};
/* End PBXProject section */

/* Begin PBXResourcesBuildPhase section */
		9248A9562DA6638800D3417F /* Resources */ = {
			isa = PBXResourcesBuildPhase;
			buildActionMask = 2147483647;
			files = (
			);
			runOnlyForDeploymentPostprocessing = 0;
		};
		9248A9662DA6639100D3417F /* Resources */ = {
			isa = PBXResourcesBuildPhase;
			buildActionMask = 2147483647;
			files = (
			);
			runOnlyForDeploymentPostprocessing = 0;
		};
		9248A9702DA6639100D3417F /* Resources */ = {
			isa = PBXResourcesBuildPhase;
			buildActionMask = 2147483647;
			files = (
			);
			runOnlyForDeploymentPostprocessing = 0;
		};
/* End PBXResourcesBuildPhase section */

/* Begin PBXSourcesBuildPhase section */
		9248A9542DA6638800D3417F /* Sources */ = {
			isa = PBXSourcesBuildPhase;
			buildActionMask = 2147483647;
			files = (
			);
			runOnlyForDeploymentPostprocessing = 0;
		};
		9248A9642DA6639100D3417F /* Sources */ = {
			isa = PBXSourcesBuildPhase;
			buildActionMask = 2147483647;
			files = (
			);
			runOnlyForDeploymentPostprocessing = 0;
		};
		9248A96E2DA6639100D3417F /* Sources */ = {
			isa = PBXSourcesBuildPhase;
			buildActionMask = 2147483647;
			files = (
			);
			runOnlyForDeploymentPostprocessing = 0;
		};
/* End PBXSourcesBuildPhase section */

/* Begin PBXTargetDependency section */
		9248A96A2DA6639100D3417F /* PBXTargetDependency */ = {
			isa = PBXTargetDependency;
			target = 9248A9572DA6638800D3417F /* shortsleep */;
			targetProxy = 9248A9692DA6639100D3417F /* PBXContainerItemProxy */;
		};
		9248A9742DA6639100D3417F /* PBXTargetDependency */ = {
			isa = PBXTargetDependency;
			target = 9248A9572DA6638800D3417F /* shortsleep */;
			targetProxy = 9248A9732DA6639100D3417F /* PBXContainerItemProxy */;
		};
/* End PBXTargetDependency section */

/* Begin XCBuildConfiguration section */
		9248A97A2DA6639100D3417F /* Debug */ = {
			isa = XCBuildConfiguration;
			buildSettings = {
				ALWAYS_SEARCH_USER_PATHS = NO;
				ASSETCATALOG_COMPILER_GENERATE_SWIFT_ASSET_SYMBOL_EXTENSIONS = YES;
				CLANG_ANALYZER_NONNULL = YES;
				CLANG_ANALYZER_NUMBER_OBJECT_CONVERSION = YES_AGGRESSIVE;
				CLANG_CXX_LANGUAGE_STANDARD = "gnu++20";
				CLANG_ENABLE_MODULES = YES;
				CLANG_ENABLE_OBJC_ARC = YES;
				CLANG_ENABLE_OBJC_WEAK = YES;
				CLANG_WARN_BLOCK_CAPTURE_AUTORELEASING = YES;
				CLANG_WARN_BOOL_CONVERSION = YES;
				CLANG_WARN_COMMA = YES;
				CLANG_WARN_CONSTANT_CONVERSION = YES;
				CLANG_WARN_DEPRECATED_OBJC_IMPLEMENTATIONS = YES;
				CLANG_WARN_DIRECT_OBJC_ISA_USAGE = YES_ERROR;
				CLANG_WARN_DOCUMENTATION_COMMENTS = YES;
				CLANG_WARN_EMPTY_BODY = YES;
				CLANG_WARN_ENUM_CONVERSION = YES;
				CLANG_WARN_INFINITE_RECURSION = YES;
				CLANG_WARN_INT_CONVERSION = YES;
				CLANG_WARN_NON_LITERAL_NULL_CONVERSION = YES;
				CLANG_WARN_OBJC_IMPLICIT_RETAIN_SELF = YES;
				CLANG_WARN_OBJC_LITERAL_CONVERSION = YES;
				CLANG_WARN_OBJC_ROOT_CLASS = YES_ERROR;
				CLANG_WARN_QUOTED_INCLUDE_IN_FRAMEWORK_HEADER = YES;
				CLANG_WARN_RANGE_LOOP_ANALYSIS = YES;
				CLANG_WARN_STRICT_PROTOTYPES = YES;
				CLANG_WARN_SUSPICIOUS_MOVE = YES;
				CLANG_WARN_UNGUARDED_AVAILABILITY = YES_AGGRESSIVE;
				CLANG_WARN_UNREACHABLE_CODE = YES;
				CLANG_WARN__DUPLICATE_METHOD_MATCH = YES;
				COPY_PHASE_STRIP = NO;
				DEBUG_INFORMATION_FORMAT = dwarf;
				ENABLE_STRICT_OBJC_MSGSEND = YES;
				ENABLE_TESTABILITY = YES;
				ENABLE_USER_SCRIPT_SANDBOXING = YES;
				GCC_C_LANGUAGE_STANDARD = gnu17;
				GCC_DYNAMIC_NO_PIC = NO;
				GCC_NO_COMMON_BLOCKS = YES;
				GCC_OPTIMIZATION_LEVEL = 0;
				GCC_PREPROCESSOR_DEFINITIONS = (
					"DEBUG=1",
					"$(inherited)",
				);
				GCC_WARN_64_TO_32_BIT_CONVERSION = YES;
				GCC_WARN_ABOUT_RETURN_TYPE = YES_ERROR;
				GCC_WARN_UNDECLARED_SELECTOR = YES;
				GCC_WARN_UNINITIALIZED_AUTOS = YES_AGGRESSIVE;
				GCC_WARN_UNUSED_FUNCTION = YES;
				GCC_WARN_UNUSED_VARIABLE = YES;
				IPHONEOS_DEPLOYMENT_TARGET = 18.2;
				LOCALIZATION_PREFERS_STRING_CATALOGS = YES;
				MTL_ENABLE_DEBUG_INFO = INCLUDE_SOURCE;
				MTL_FAST_MATH = YES;
				ONLY_ACTIVE_ARCH = YES;
				SDKROOT = iphoneos;
				SWIFT_ACTIVE_COMPILATION_CONDITIONS = "DEBUG $(inherited)";
				SWIFT_OPTIMIZATION_LEVEL = "-Onone";
			};
			name = Debug;
		};
		9248A97B2DA6639100D3417F /* Release */ = {
			isa = XCBuildConfiguration;
			buildSettings = {
				ALWAYS_SEARCH_USER_PATHS = NO;
				ASSETCATALOG_COMPILER_GENERATE_SWIFT_ASSET_SYMBOL_EXTENSIONS = YES;
				CLANG_ANALYZER_NONNULL = YES;
				CLANG_ANALYZER_NUMBER_OBJECT_CONVERSION = YES_AGGRESSIVE;
				CLANG_CXX_LANGUAGE_STANDARD = "gnu++20";
				CLANG_ENABLE_MODULES = YES;
				CLANG_ENABLE_OBJC_ARC = YES;
				CLANG_ENABLE_OBJC_WEAK = YES;
				CLANG_WARN_BLOCK_CAPTURE_AUTORELEASING = YES;
				CLANG_WARN_BOOL_CONVERSION = YES;
				CLANG_WARN_COMMA = YES;
				CLANG_WARN_CONSTANT_CONVERSION = YES;
				CLANG_WARN_DEPRECATED_OBJC_IMPLEMENTATIONS = YES;
				CLANG_WARN_DIRECT_OBJC_ISA_USAGE = YES_ERROR;
				CLANG_WARN_DOCUMENTATION_COMMENTS = YES;
				CLANG_WARN_EMPTY_BODY = YES;
				CLANG_WARN_ENUM_CONVERSION = YES;
				CLANG_WARN_INFINITE_RECURSION = YES;
				CLANG_WARN_INT_CONVERSION = YES;
				CLANG_WARN_NON_LITERAL_NULL_CONVERSION = YES;
				CLANG_WARN_OBJC_IMPLICIT_RETAIN_SELF = YES;
				CLANG_WARN_OBJC_LITERAL_CONVERSION = YES;
				CLANG_WARN_OBJC_ROOT_CLASS = YES_ERROR;
				CLANG_WARN_QUOTED_INCLUDE_IN_FRAMEWORK_HEADER = YES;
				CLANG_WARN_RANGE_LOOP_ANALYSIS = YES;
				CLANG_WARN_STRICT_PROTOTYPES = YES;
				CLANG_WARN_SUSPICIOUS_MOVE = YES;
				CLANG_WARN_UNGUARDED_AVAILABILITY = YES_AGGRESSIVE;
				CLANG_WARN_UNREACHABLE_CODE = YES;
				CLANG_WARN__DUPLICATE_METHOD_MATCH = YES;
				COPY_PHASE_STRIP = NO;
				DEBUG_INFORMATION_FORMAT = "dwarf-with-dsym";
				ENABLE_NS_ASSERTIONS = NO;
				ENABLE_STRICT_OBJC_MSGSEND = YES;
				ENABLE_USER_SCRIPT_SANDBOXING = YES;
				GCC_C_LANGUAGE_STANDARD = gnu17;
				GCC_NO_COMMON_BLOCKS = YES;
				GCC_WARN_64_TO_32_BIT_CONVERSION = YES;
				GCC_WARN_ABOUT_RETURN_TYPE = YES_ERROR;
				GCC_WARN_UNDECLARED_SELECTOR = YES;
				GCC_WARN_UNINITIALIZED_AUTOS = YES_AGGRESSIVE;
				GCC_WARN_UNUSED_FUNCTION = YES;
				GCC_WARN_UNUSED_VARIABLE = YES;
				IPHONEOS_DEPLOYMENT_TARGET = 18.2;
				LOCALIZATION_PREFERS_STRING_CATALOGS = YES;
				MTL_ENABLE_DEBUG_INFO = NO;
				MTL_FAST_MATH = YES;
				SDKROOT = iphoneos;
				SWIFT_COMPILATION_MODE = wholemodule;
				VALIDATE_PRODUCT = YES;
			};
			name = Release;
		};
		9248A97D2DA6639100D3417F /* Debug */ = {
			isa = XCBuildConfiguration;
			buildSettings = {
				ASSETCATALOG_COMPILER_APPICON_NAME = AppIcon;
				ASSETCATALOG_COMPILER_GLOBAL_ACCENT_COLOR_NAME = AccentColor;
				CODE_SIGN_STYLE = Automatic;
				CURRENT_PROJECT_VERSION = 1;
				DEVELOPMENT_ASSET_PATHS = "\"shortsleep/Preview Content\"";
				ENABLE_PREVIEWS = YES;
				GENERATE_INFOPLIST_FILE = YES;
				INFOPLIST_KEY_UIApplicationSceneManifest_Generation = YES;
				INFOPLIST_KEY_UIApplicationSupportsIndirectInputEvents = YES;
				INFOPLIST_KEY_UILaunchScreen_Generation = YES;
				INFOPLIST_KEY_UISupportedInterfaceOrientations_iPad = "UIInterfaceOrientationPortrait UIInterfaceOrientationPortraitUpsideDown UIInterfaceOrientationLandscapeLeft UIInterfaceOrientationLandscapeRight";
				INFOPLIST_KEY_UISupportedInterfaceOrientations_iPhone = "UIInterfaceOrientationPortrait UIInterfaceOrientationLandscapeLeft UIInterfaceOrientationLandscapeRight";
				LD_RUNPATH_SEARCH_PATHS = (
					"$(inherited)",
					"@executable_path/Frameworks",
				);
				MARKETING_VERSION = 1.0;
				PRODUCT_BUNDLE_IDENTIFIER = yoshiki.shortsleep;
				PRODUCT_NAME = "$(TARGET_NAME)";
				SWIFT_EMIT_LOC_STRINGS = YES;
				SWIFT_VERSION = 5.0;
				TARGETED_DEVICE_FAMILY = "1,2";
			};
			name = Debug;
		};
		9248A97E2DA6639100D3417F /* Release */ = {
			isa = XCBuildConfiguration;
			buildSettings = {
				ASSETCATALOG_COMPILER_APPICON_NAME = AppIcon;
				ASSETCATALOG_COMPILER_GLOBAL_ACCENT_COLOR_NAME = AccentColor;
				CODE_SIGN_STYLE = Automatic;
				CURRENT_PROJECT_VERSION = 1;
				DEVELOPMENT_ASSET_PATHS = "\"shortsleep/Preview Content\"";
				ENABLE_PREVIEWS = YES;
				GENERATE_INFOPLIST_FILE = YES;
				INFOPLIST_KEY_UIApplicationSceneManifest_Generation = YES;
				INFOPLIST_KEY_UIApplicationSupportsIndirectInputEvents = YES;
				INFOPLIST_KEY_UILaunchScreen_Generation = YES;
				INFOPLIST_KEY_UISupportedInterfaceOrientations_iPad = "UIInterfaceOrientationPortrait UIInterfaceOrientationPortraitUpsideDown UIInterfaceOrientationLandscapeLeft UIInterfaceOrientationLandscapeRight";
				INFOPLIST_KEY_UISupportedInterfaceOrientations_iPhone = "UIInterfaceOrientationPortrait UIInterfaceOrientationLandscapeLeft UIInterfaceOrientationLandscapeRight";
				LD_RUNPATH_SEARCH_PATHS = (
					"$(inherited)",
					"@executable_path/Frameworks",
				);
				MARKETING_VERSION = 1.0;
				PRODUCT_BUNDLE_IDENTIFIER = yoshiki.shortsleep;
				PRODUCT_NAME = "$(TARGET_NAME)";
				SWIFT_EMIT_LOC_STRINGS = YES;
				SWIFT_VERSION = 5.0;
				TARGETED_DEVICE_FAMILY = "1,2";
			};
			name = Release;
		};
		9248A9802DA6639100D3417F /* Debug */ = {
			isa = XCBuildConfiguration;
			buildSettings = {
				BUNDLE_LOADER = "$(TEST_HOST)";
				CODE_SIGN_STYLE = Automatic;
				CURRENT_PROJECT_VERSION = 1;
				GENERATE_INFOPLIST_FILE = YES;
				IPHONEOS_DEPLOYMENT_TARGET = 18.2;
				MARKETING_VERSION = 1.0;
				PRODUCT_BUNDLE_IDENTIFIER = yoshiki.shortsleepTests;
				PRODUCT_NAME = "$(TARGET_NAME)";
				SWIFT_EMIT_LOC_STRINGS = NO;
				SWIFT_VERSION = 5.0;
				TARGETED_DEVICE_FAMILY = "1,2";
				TEST_HOST = "$(BUILT_PRODUCTS_DIR)/shortsleep.app/$(BUNDLE_EXECUTABLE_FOLDER_PATH)/shortsleep";
			};
			name = Debug;
		};
		9248A9812DA6639100D3417F /* Release */ = {
			isa = XCBuildConfiguration;
			buildSettings = {
				BUNDLE_LOADER = "$(TEST_HOST)";
				CODE_SIGN_STYLE = Automatic;
				CURRENT_PROJECT_VERSION = 1;
				GENERATE_INFOPLIST_FILE = YES;
				IPHONEOS_DEPLOYMENT_TARGET = 18.2;
				MARKETING_VERSION = 1.0;
				PRODUCT_BUNDLE_IDENTIFIER = yoshiki.shortsleepTests;
				PRODUCT_NAME = "$(TARGET_NAME)";
				SWIFT_EMIT_LOC_STRINGS = NO;
				SWIFT_VERSION = 5.0;
				TARGETED_DEVICE_FAMILY = "1,2";
				TEST_HOST = "$(BUILT_PRODUCTS_DIR)/shortsleep.app/$(BUNDLE_EXECUTABLE_FOLDER_PATH)/shortsleep";
			};
			name = Release;
		};
		9248A9832DA6639100D3417F /* Debug */ = {
			isa = XCBuildConfiguration;
			buildSettings = {
				CODE_SIGN_STYLE = Automatic;
				CURRENT_PROJECT_VERSION = 1;
				GENERATE_INFOPLIST_FILE = YES;
				MARKETING_VERSION = 1.0;
				PRODUCT_BUNDLE_IDENTIFIER = yoshiki.shortsleepUITests;
				PRODUCT_NAME = "$(TARGET_NAME)";
				SWIFT_EMIT_LOC_STRINGS = NO;
				SWIFT_VERSION = 5.0;
				TARGETED_DEVICE_FAMILY = "1,2";
				TEST_TARGET_NAME = shortsleep;
			};
			name = Debug;
		};
		9248A9842DA6639100D3417F /* Release */ = {
			isa = XCBuildConfiguration;
			buildSettings = {
				CODE_SIGN_STYLE = Automatic;
				CURRENT_PROJECT_VERSION = 1;
				GENERATE_INFOPLIST_FILE = YES;
				MARKETING_VERSION = 1.0;
				PRODUCT_BUNDLE_IDENTIFIER = yoshiki.shortsleepUITests;
				PRODUCT_NAME = "$(TARGET_NAME)";
				SWIFT_EMIT_LOC_STRINGS = NO;
				SWIFT_VERSION = 5.0;
				TARGETED_DEVICE_FAMILY = "1,2";
				TEST_TARGET_NAME = shortsleep;
			};
			name = Release;
		};
/* End XCBuildConfiguration section */

/* Begin XCConfigurationList section */
		9248A9532DA6638800D3417F /* Build configuration list for PBXProject "shortsleep" */ = {
			isa = XCConfigurationList;
			buildConfigurations = (
				9248A97A2DA6639100D3417F /* Debug */,
				9248A97B2DA6639100D3417F /* Release */,
			);
			defaultConfigurationIsVisible = 0;
			defaultConfigurationName = Release;
		};
		9248A97C2DA6639100D3417F /* Build configuration list for PBXNativeTarget "shortsleep" */ = {
			isa = XCConfigurationList;
			buildConfigurations = (
				9248A97D2DA6639100D3417F /* Debug */,
				9248A97E2DA6639100D3417F /* Release */,
			);
			defaultConfigurationIsVisible = 0;
			defaultConfigurationName = Release;
		};
		9248A97F2DA6639100D3417F /* Build configuration list for PBXNativeTarget "shortsleepTests" */ = {
			isa = XCConfigurationList;
			buildConfigurations = (
				9248A9802DA6639100D3417F /* Debug */,
				9248A9812DA6639100D3417F /* Release */,
			);
			defaultConfigurationIsVisible = 0;
			defaultConfigurationName = Release;
		};
		9248A9822DA6639100D3417F /* Build configuration list for PBXNativeTarget "shortsleepUITests" */ = {
			isa = XCConfigurationList;
			buildConfigurations = (
				9248A9832DA6639100D3417F /* Debug */,
				9248A9842DA6639100D3417F /* Release */,
			);
			defaultConfigurationIsVisible = 0;
			defaultConfigurationName = Release;
		};
/* End XCConfigurationList section */

/* Begin XCRemoteSwiftPackageReference section */
		925DE31D2DAAA1EF007D83B2 /* XCRemoteSwiftPackageReference "firebase-ios-sdk" */ = {
			isa = XCRemoteSwiftPackageReference;
			repositoryURL = "https://github.com/firebase/firebase-ios-sdk";
			requirement = {
				kind = upToNextMajorVersion;
				minimumVersion = 11.11.0;
			};
		};
/* End XCRemoteSwiftPackageReference section */

/* Begin XCSwiftPackageProductDependency section */
		925DE31E2DAAA1EF007D83B2 /* FirebaseAnalytics */ = {
			isa = XCSwiftPackageProductDependency;
			package = 925DE31D2DAAA1EF007D83B2 /* XCRemoteSwiftPackageReference "firebase-ios-sdk" */;
			productName = FirebaseAnalytics;
		};
		92E1AB692DAAB94A00CA4D58 /* FirebaseFirestore */ = {
			isa = XCSwiftPackageProductDependency;
			package = 925DE31D2DAAA1EF007D83B2 /* XCRemoteSwiftPackageReference "firebase-ios-sdk" */;
			productName = FirebaseFirestore;
		};
/* End XCSwiftPackageProductDependency section */
	};
	rootObject = 9248A9502DA6638800D3417F /* Project object */;
}
